
Microsoft Visual Studio Solution File, Format Version 12.00
# Visual Studio Version 16
VisualStudioVersion = 16.0.31313.79
MinimumVisualStudioVersion = 10.0.40219.1
Project("{FAE04EC0-301F-11D3-BF4B-00C04F79EFBC}") = "filterCV", "filterCV\filterCV.csproj", "{83D73F89-3F70-437B-9200-08B5FAD51F75}"
EndProject
Global
	GlobalSection(SolutionConfigurationPlatforms) = preSolution
		Debug|Any CPU = Debug|Any CPU
		Release|Any CPU = Release|Any CPU
	EndGlobalSection
	GlobalSection(ProjectConfigurationPlatforms) = postSolution
		{83D73F89-3F70-437B-9200-08B5FAD51F75}.Debug|Any CPU.ActiveCfg = Debug|Any CPU
		{83D73F89-3F70-437B-9200-08B5FAD51F75}.Debug|Any CPU.Build.0 = Debug|Any CPU
		{83D73F89-3F70-437B-9200-08B5FAD51F75}.Release|Any CPU.ActiveCfg = Release|Any CPU
		{83D73F89-3F70-437B-9200-08B5FAD51F75}.Release|Any CPU.Build.0 = Release|Any CPU
	EndGlobalSection
	GlobalSection(SolutionProperties) = preSolution
		HideSolutionNode = FALSE
	EndGlobalSection
	GlobalSection(ExtensibilityGlobals) = postSolution
		SolutionGuid = {44E88EE8-41A8-4BD1-A8D9-7DBEC02947FC}
	EndGlobalSection
EndGlobal
